
Microsoft Visual Studio Solution File, Format Version 12.00
# Visual Studio 15
VisualStudioVersion = 15.0.27130.2027
MinimumVisualStudioVersion = 10.0.40219.1
Project("{FAE04EC0-301F-11D3-BF4B-00C04F79EFBC}") = "SignalRChatAPI", "SignalRChatAPI\SignalRChatAPI.csproj", "{08B81E5C-E35C-4F77-92D2-F77A71EC9A3C}"
EndProject
Global
	GlobalSection(SolutionConfigurationPlatforms) = preSolution
		Debug|Any CPU = Debug|Any CPU
		Release|Any CPU = Release|Any CPU
	EndGlobalSection
	GlobalSection(ProjectConfigurationPlatforms) = postSolution
		{08B81E5C-E35C-4F77-92D2-F77A71EC9A3C}.Debug|Any CPU.ActiveCfg = Debug|Any CPU
		{08B81E5C-E35C-4F77-92D2-F77A71EC9A3C}.Debug|Any CPU.Build.0 = Debug|Any CPU
		{08B81E5C-E35C-4F77-92D2-F77A71EC9A3C}.Release|Any CPU.ActiveCfg = Release|Any CPU
		{08B81E5C-E35C-4F77-92D2-F77A71EC9A3C}.Release|Any CPU.Build.0 = Release|Any CPU
	EndGlobalSection
	GlobalSection(SolutionProperties) = preSolution
		HideSolutionNode = FALSE
	EndGlobalSection
	GlobalSection(ExtensibilityGlobals) = postSolution
		SolutionGuid = {B6A69AD2-1C0F-4799-A96E-B03905363F03}
	EndGlobalSection
EndGlobal
